
Microsoft Visual Studio Solution File, Format Version 12.00
# Visual Studio Version 17
VisualStudioVersion = 17.4.33213.308
MinimumVisualStudioVersion = 10.0.40219.1
Project("{FAE04EC0-301F-11D3-BF4B-00C04F79EFBC}") = "TBDSchool", "TBDSchool\TBDSchool.csproj", "{9819F612-888B-47AA-9DCF-16AC5BFD7794}"
EndProject
Global
	GlobalSection(SolutionConfigurationPlatforms) = preSolution
		Debug|Any CPU = Debug|Any CPU
		Release|Any CPU = Release|Any CPU
	EndGlobalSection
	GlobalSection(ProjectConfigurationPlatforms) = postSolution
		{9819F612-888B-47AA-9DCF-16AC5BFD7794}.Debug|Any CPU.ActiveCfg = Debug|Any CPU
		{9819F612-888B-47AA-9DCF-16AC5BFD7794}.Debug|Any CPU.Build.0 = Debug|Any CPU
		{9819F612-888B-47AA-9DCF-16AC5BFD7794}.Release|Any CPU.ActiveCfg = Release|Any CPU
		{9819F612-888B-47AA-9DCF-16AC5BFD7794}.Release|Any CPU.Build.0 = Release|Any CPU
	EndGlobalSection
	GlobalSection(SolutionProperties) = preSolution
		HideSolutionNode = FALSE
	EndGlobalSection
	GlobalSection(ExtensibilityGlobals) = postSolution
		SolutionGuid = {EC44E226-B01E-4F6E-896E-019ABD99A74B}
	EndGlobalSection
EndGlobal
